
Microsoft Visual Studio Solution File, Format Version 12.00
# Visual Studio Version 17
VisualStudioVersion = 17.2.32630.192
MinimumVisualStudioVersion = 10.0.40219.1
Project("{FAE04EC0-301F-11D3-BF4B-00C04F79EFBC}") = "TraversalCoreProje", "TraversalCoreProje\TraversalCoreProje.csproj", "{CB113FA7-E75C-4A4F-9EC7-BEF2521DC96C}"
EndProject
Project("{FAE04EC0-301F-11D3-BF4B-00C04F79EFBC}") = "EntityLayer", "EntityLayer\EntityLayer.csproj", "{4CFE2680-72F6-425D-8185-E09B8E4C40BB}"
EndProject
Project("{FAE04EC0-301F-11D3-BF4B-00C04F79EFBC}") = "DataAccessLayer", "DataAccessLayer\DataAccessLayer.csproj", "{7E4A778B-F3D3-4998-AC44-1CAAC65E6BD2}"
EndProject
Project("{FAE04EC0-301F-11D3-BF4B-00C04F79EFBC}") = "BusinessLayer", "BusinessLayer\BusinessLayer.csproj", "{18E77B14-19DE-4F80-83B5-9DE124F54F8E}"
EndProject
Global
	GlobalSection(SolutionConfigurationPlatforms) = preSolution
		Debug|Any CPU = Debug|Any CPU
		Release|Any CPU = Release|Any CPU
	EndGlobalSection
	GlobalSection(ProjectConfigurationPlatforms) = postSolution
		{CB113FA7-E75C-4A4F-9EC7-BEF2521DC96C}.Debug|Any CPU.ActiveCfg = Debug|Any CPU
		{CB113FA7-E75C-4A4F-9EC7-BEF2521DC96C}.Debug|Any CPU.Build.0 = Debug|Any CPU
		{CB113FA7-E75C-4A4F-9EC7-BEF2521DC96C}.Release|Any CPU.ActiveCfg = Release|Any CPU
		{CB113FA7-E75C-4A4F-9EC7-BEF2521DC96C}.Release|Any CPU.Build.0 = Release|Any CPU
		{4CFE2680-72F6-425D-8185-E09B8E4C40BB}.Debug|Any CPU.ActiveCfg = Debug|Any CPU
		{4CFE2680-72F6-425D-8185-E09B8E4C40BB}.Debug|Any CPU.Build.0 = Debug|Any CPU
		{4CFE2680-72F6-425D-8185-E09B8E4C40BB}.Release|Any CPU.ActiveCfg = Release|Any CPU
		{4CFE2680-72F6-425D-8185-E09B8E4C40BB}.Release|Any CPU.Build.0 = Release|Any CPU
		{7E4A778B-F3D3-4998-AC44-1CAAC65E6BD2}.Debug|Any CPU.ActiveCfg = Debug|Any CPU
		{7E4A778B-F3D3-4998-AC44-1CAAC65E6BD2}.Debug|Any CPU.Build.0 = Debug|Any CPU
		{7E4A778B-F3D3-4998-AC44-1CAAC65E6BD2}.Release|Any CPU.ActiveCfg = Release|Any CPU
		{7E4A778B-F3D3-4998-AC44-1CAAC65E6BD2}.Release|Any CPU.Build.0 = Release|Any CPU
		{18E77B14-19DE-4F80-83B5-9DE124F54F8E}.Debug|Any CPU.ActiveCfg = Debug|Any CPU
		{18E77B14-19DE-4F80-83B5-9DE124F54F8E}.Debug|Any CPU.Build.0 = Debug|Any CPU
		{18E77B14-19DE-4F80-83B5-9DE124F54F8E}.Release|Any CPU.ActiveCfg = Release|Any CPU
		{18E77B14-19DE-4F80-83B5-9DE124F54F8E}.Release|Any CPU.Build.0 = Release|Any CPU
	EndGlobalSection
	GlobalSection(SolutionProperties) = preSolution
		HideSolutionNode = FALSE
	EndGlobalSection
	GlobalSection(ExtensibilityGlobals) = postSolution
		SolutionGuid = {7691A603-692B-4AD5-A003-65493CAB7CDD}
	EndGlobalSection
EndGlobal
